{
  "version": 4,
  "terraform_version": "1.12.2",
  "serial": 61,
  "lineage": "9f55c257-b5b1-de50-dfab-1823b0e48427",
  "outputs": {},
  "resources": [
    {
      "mode": "managed",
      "type": "azurerm_application_gateway",
      "name": "tf-appgw",
      "provider": "provider[\"registry.terraform.io/hashicorp/azurerm\"]",
      "instances": [
        {
          "schema_version": 0,
          "attributes": {
            "authentication_certificate": [],
            "autoscale_configuration": [],
            "backend_address_pool": [
              {
                "fqdns": [],
                "id": "/subscriptions/0efc44f5-967e-4b88-942d-65683788bb59/resourceGroups/r-group-1/providers/Microsoft.Network/applicationGateways/appgw-1/backendAddressPools/backendPool",
                "ip_addresses": [],
                "name": "backendPool"
              }
            ],
            "backend_http_settings": [
              {
                "affinity_cookie_name": "",
                "authentication_certificate": [],
                "connection_draining": [],
                "cookie_based_affinity": "Disabled",
                "host_name": "",
                "id": "/subscriptions/0efc44f5-967e-4b88-942d-65683788bb59/resourceGroups/r-group-1/providers/Microsoft.Network/applicationGateways/appgw-1/backendHttpSettingsCollection/httpSettings",
                "name": "httpSettings",
                "path": "",
                "pick_host_name_from_backend_address": false,
                "port": 80,
                "probe_id": "",
                "probe_name": "",
                "protocol": "Http",
                "request_timeout": 30,
                "trusted_root_certificate_names": []
              }
            ],
            "custom_error_configuration": [],
            "enable_http2": false,
            "fips_enabled": false,
            "firewall_policy_id": null,
            "force_firewall_policy_association": false,
            "frontend_ip_configuration": [
              {
                "id": "/subscriptions/0efc44f5-967e-4b88-942d-65683788bb59/resourceGroups/r-group-1/providers/Microsoft.Network/applicationGateways/appgw-1/frontendIPConfigurations/frontendIP",
                "name": "frontendIP",
                "private_ip_address": "",
                "private_ip_address_allocation": "Dynamic",
                "private_link_configuration_id": "",
                "private_link_configuration_name": "",
                "public_ip_address_id": "/subscriptions/0efc44f5-967e-4b88-942d-65683788bb59/resourceGroups/r-group-1/providers/Microsoft.Network/publicIPAddresses/appgw-public-ip",
                "subnet_id": ""
              }
            ],
            "frontend_port": [
              {
                "id": "/subscriptions/0efc44f5-967e-4b88-942d-65683788bb59/resourceGroups/r-group-1/providers/Microsoft.Network/applicationGateways/appgw-1/frontendPorts/frontendPort",
                "name": "frontendPort",
                "port": 80
              }
            ],
            "gateway_ip_configuration": [
              {
                "id": "/subscriptions/0efc44f5-967e-4b88-942d-65683788bb59/resourceGroups/r-group-1/providers/Microsoft.Network/applicationGateways/appgw-1/gatewayIPConfigurations/appgw-ip-config",
                "name": "appgw-ip-config",
                "subnet_id": "/subscriptions/0efc44f5-967e-4b88-942d-65683788bb59/resourceGroups/r-group-1/providers/Microsoft.Network/virtualNetworks/azure-vn-1/subnets/azure-sn-appgw"
              }
            ],
            "http_listener": [
              {
                "custom_error_configuration": [],
                "firewall_policy_id": "",
                "frontend_ip_configuration_id": "/subscriptions/0efc44f5-967e-4b88-942d-65683788bb59/resourceGroups/r-group-1/providers/Microsoft.Network/applicationGateways/appgw-1/frontendIPConfigurations/frontendIP",
                "frontend_ip_configuration_name": "frontendIP",
                "frontend_port_id": "/subscriptions/0efc44f5-967e-4b88-942d-65683788bb59/resourceGroups/r-group-1/providers/Microsoft.Network/applicationGateways/appgw-1/frontendPorts/frontendPort",
                "frontend_port_name": "frontendPort",
                "host_name": "",
                "host_names": [],
                "id": "/subscriptions/0efc44f5-967e-4b88-942d-65683788bb59/resourceGroups/r-group-1/providers/Microsoft.Network/applicationGateways/appgw-1/httpListeners/listener",
                "name": "listener",
                "protocol": "Http",
                "require_sni": false,
                "ssl_certificate_id": "",
                "ssl_certificate_name": "",
                "ssl_profile_id": "",
                "ssl_profile_name": ""
              }
            ],
            "id": "/subscriptions/0efc44f5-967e-4b88-942d-65683788bb59/resourceGroups/r-group-1/providers/Microsoft.Network/applicationGateways/appgw-1",
            "identity": [],
            "location": "westeurope",
            "name": "appgw-1",
            "private_endpoint_connection": [],
            "private_link_configuration": [],
            "probe": [],
            "redirect_configuration": [],
            "request_routing_rule": [
              {
                "backend_address_pool_id": "/subscriptions/0efc44f5-967e-4b88-942d-65683788bb59/resourceGroups/r-group-1/providers/Microsoft.Network/applicationGateways/appgw-1/backendAddressPools/backendPool",
                "backend_address_pool_name": "backendPool",
                "backend_http_settings_id": "/subscriptions/0efc44f5-967e-4b88-942d-65683788bb59/resourceGroups/r-group-1/providers/Microsoft.Network/applicationGateways/appgw-1/backendHttpSettingsCollection/httpSettings",
                "backend_http_settings_name": "httpSettings",
                "http_listener_id": "/subscriptions/0efc44f5-967e-4b88-942d-65683788bb59/resourceGroups/r-group-1/providers/Microsoft.Network/applicationGateways/appgw-1/httpListeners/listener",
                "http_listener_name": "listener",
                "id": "/subscriptions/0efc44f5-967e-4b88-942d-65683788bb59/resourceGroups/r-group-1/providers/Microsoft.Network/applicationGateways/appgw-1/requestRoutingRules/rule1",
                "name": "rule1",
                "priority": 0,
                "redirect_configuration_id": "",
                "redirect_configuration_name": "",
                "rewrite_rule_set_id": "",
                "rewrite_rule_set_name": "",
                "rule_type": "Basic",
                "url_path_map_id": "",
                "url_path_map_name": ""
              }
            ],
            "resource_group_name": "r-group-1",
            "rewrite_rule_set": [],
            "sku": [
              {
                "capacity": 2,
                "name": "Standard_v2",
                "tier": "Standard_v2"
              }
            ],
            "ssl_certificate": [],
            "ssl_policy": [
              {
                "cipher_suites": [],
                "disabled_protocols": [],
                "min_protocol_version": "",
                "policy_name": "AppGwSslPolicy20150501",
                "policy_type": "Predefined"
              }
            ],
            "ssl_profile": [],
            "tags": {},
            "timeouts": null,
            "trusted_client_certificate": [],
            "trusted_root_certificate": [],
            "url_path_map": [],
            "waf_configuration": [],
            "zones": []
          },
          "sensitive_attributes": [],
          "identity_schema_version": 0,
          "private": "eyJlMmJmYjczMC1lY2FhLTExZTYtOGY4OC0zNDM2M2JjN2M0YzAiOnsiY3JlYXRlIjo1NDAwMDAwMDAwMDAwLCJkZWxldGUiOjU0MDAwMDAwMDAwMDAsInJlYWQiOjMwMDAwMDAwMDAwMCwidXBkYXRlIjo1NDAwMDAwMDAwMDAwfX0=",
          "dependencies": [
            "azurerm_public_ip.tf-ip-appgw",
            "azurerm_resource_group.tf-rg-1",
            "azurerm_subnet.tf-sn-appgw",
            "azurerm_virtual_network.tf-vn-1"
          ]
        }
      ]
    },
    {
      "mode": "managed",
      "type": "azurerm_linux_virtual_machine",
      "name": "tf-vm",
      "provider": "provider[\"registry.terraform.io/hashicorp/azurerm\"]",
      "instances": [
        {
          "index_key": 0,
          "schema_version": 0,
          "attributes": {
            "additional_capabilities": [],
            "admin_password": null,
            "admin_ssh_key": [
              {
                "public_key": "ssh-rsa AAAAB3NzaC1yc2EAAAADAQABAAABgQCfeVYgwJ3PcB1IaQRojbSMCU/yGk+li/M0s6OL22APJweBh677Rmo/dzFbBRwOj+fZYjEMkwp34c1YX0vI6DvrI1B+1e4Op65aqswfuzKFGiKPg04P/n4cZ2Ys3clMeo+QTThZAfgfINZTY1vQXGs+84HQphhCSBGzJNCE67losnXu67ZvkrajnrR6c+Oi5VcAHAHSR4cpAbOq3+nmk0aMMQrdjZR7LZ4bTuQ04c+j3LoImKi8ZmHcXVvRM09VlrSDqlcFFPSeiq1kN/dMi7i4tLtCkI3RK1CdLow7yr3eZw9VrLOsrqcF34W2wkecP1xIODg7CEPV6ibB2k0qP+aLiM7oowqObpBG2mQJ8Hx9QtE9tWMo3YKND+dUus0uupURfCu1xcxAOMNYTDdZQR8Sqra28LKhUb1NdSHRwaPHhDD5bIzOg8qAyThcUKmgWCWhbHzg1tcy/6ADl1rBHsu3aBdwPqafNB4lV02V9pmAzF5TVDKCPwCl9jwftdqTHvE= pathum@DESKTOP-S43H4KQ\r\n",
                "username": "pathumdilhara"
              }
            ],
            "admin_username": "pathumdilhara",
            "allow_extension_operations": true,
            "availability_set_id": "",
            "boot_diagnostics": [],
            "computer_name": "azure-linux-vm-1",
            "custom_data": null,
            "dedicated_host_group_id": "",
            "dedicated_host_id": "",
            "disable_password_authentication": true,
            "edge_zone": "",
            "encryption_at_host_enabled": false,
            "eviction_policy": "",
            "extensions_time_budget": "PT1H30M",
            "id": "/subscriptions/0efc44f5-967e-4b88-942d-65683788bb59/resourceGroups/r-group-1/providers/Microsoft.Compute/virtualMachines/azure-linux-vm-1",
            "identity": [],
            "license_type": "",
            "location": "westeurope",
            "max_bid_price": -1,
            "name": "azure-linux-vm-1",
            "network_interface_ids": [
              "/subscriptions/0efc44f5-967e-4b88-942d-65683788bb59/resourceGroups/r-group-1/providers/Microsoft.Network/networkInterfaces/azure-nic-1"
            ],
            "os_disk": [
              {
                "caching": "ReadWrite",
                "diff_disk_settings": [],
                "disk_encryption_set_id": "",
                "disk_size_gb": 30,
                "name": "azure-linux-vm-1_disk1_6584f116342c458ebf9b33f9d0782a80",
                "storage_account_type": "Standard_LRS",
                "write_accelerator_enabled": false
              }
            ],
            "patch_mode": "ImageDefault",
            "plan": [],
            "platform_fault_domain": -1,
            "priority": "Regular",
            "private_ip_address": "10.0.1.5",
            "private_ip_addresses": [
              "10.0.1.5"
            ],
            "provision_vm_agent": true,
            "proximity_placement_group_id": "",
            "public_ip_address": "51.136.102.93",
            "public_ip_addresses": [
              "51.136.102.93"
            ],
            "resource_group_name": "r-group-1",
            "secret": [],
            "secure_boot_enabled": false,
            "size": "Standard_B1s",
            "source_image_id": "",
            "source_image_reference": [
              {
                "offer": "0001-com-ubuntu-server-focal",
                "publisher": "Canonical",
                "sku": "20_04-lts",
                "version": "latest"
              }
            ],
            "tags": {},
            "termination_notification": [],
            "timeouts": null,
            "user_data": "",
            "virtual_machine_id": "21ca545e-4446-483d-80f3-1c02fb936748",
            "virtual_machine_scale_set_id": "",
            "vtpm_enabled": false,
            "zone": ""
          },
          "sensitive_attributes": [
            [
              {
                "type": "get_attr",
                "value": "admin_password"
              }
            ],
            [
              {
                "type": "get_attr",
                "value": "custom_data"
              }
            ]
          ],
          "identity_schema_version": 0,
          "private": "eyJlMmJmYjczMC1lY2FhLTExZTYtOGY4OC0zNDM2M2JjN2M0YzAiOnsiY3JlYXRlIjoyNzAwMDAwMDAwMDAwLCJkZWxldGUiOjI3MDAwMDAwMDAwMDAsInJlYWQiOjMwMDAwMDAwMDAwMCwidXBkYXRlIjoyNzAwMDAwMDAwMDAwfX0=",
          "dependencies": [
            "azurerm_network_interface.tf-nic",
            "azurerm_public_ip.tf-pip",
            "azurerm_resource_group.tf-rg-1",
            "azurerm_subnet.tf-sn-1",
            "azurerm_virtual_network.tf-vn-1"
          ]
        },
        {
          "index_key": 1,
          "schema_version": 0,
          "attributes": {
            "additional_capabilities": [],
            "admin_password": null,
            "admin_ssh_key": [
              {
                "public_key": "ssh-rsa AAAAB3NzaC1yc2EAAAADAQABAAABgQCfeVYgwJ3PcB1IaQRojbSMCU/yGk+li/M0s6OL22APJweBh677Rmo/dzFbBRwOj+fZYjEMkwp34c1YX0vI6DvrI1B+1e4Op65aqswfuzKFGiKPg04P/n4cZ2Ys3clMeo+QTThZAfgfINZTY1vQXGs+84HQphhCSBGzJNCE67losnXu67ZvkrajnrR6c+Oi5VcAHAHSR4cpAbOq3+nmk0aMMQrdjZR7LZ4bTuQ04c+j3LoImKi8ZmHcXVvRM09VlrSDqlcFFPSeiq1kN/dMi7i4tLtCkI3RK1CdLow7yr3eZw9VrLOsrqcF34W2wkecP1xIODg7CEPV6ibB2k0qP+aLiM7oowqObpBG2mQJ8Hx9QtE9tWMo3YKND+dUus0uupURfCu1xcxAOMNYTDdZQR8Sqra28LKhUb1NdSHRwaPHhDD5bIzOg8qAyThcUKmgWCWhbHzg1tcy/6ADl1rBHsu3aBdwPqafNB4lV02V9pmAzF5TVDKCPwCl9jwftdqTHvE= pathum@DESKTOP-S43H4KQ\r\n",
                "username": "pathumdilhara"
              }
            ],
            "admin_username": "pathumdilhara",
            "allow_extension_operations": true,
            "availability_set_id": "",
            "boot_diagnostics": [],
            "computer_name": "azure-linux-vm-2",
            "custom_data": null,
            "dedicated_host_group_id": "",
            "dedicated_host_id": "",
            "disable_password_authentication": true,
            "edge_zone": "",
            "encryption_at_host_enabled": false,
            "eviction_policy": "",
            "extensions_time_budget": "PT1H30M",
            "id": "/subscriptions/0efc44f5-967e-4b88-942d-65683788bb59/resourceGroups/r-group-1/providers/Microsoft.Compute/virtualMachines/azure-linux-vm-2",
            "identity": [],
            "license_type": "",
            "location": "westeurope",
            "max_bid_price": -1,
            "name": "azure-linux-vm-2",
            "network_interface_ids": [
              "/subscriptions/0efc44f5-967e-4b88-942d-65683788bb59/resourceGroups/r-group-1/providers/Microsoft.Network/networkInterfaces/azure-nic-2"
            ],
            "os_disk": [
              {
                "caching": "ReadWrite",
                "diff_disk_settings": [],
                "disk_encryption_set_id": "",
                "disk_size_gb": 30,
                "name": "azure-linux-vm-2_disk1_603d477a3e4a4e9baa8466cbfaddb972",
                "storage_account_type": "Standard_LRS",
                "write_accelerator_enabled": false
              }
            ],
            "patch_mode": "ImageDefault",
            "plan": [],
            "platform_fault_domain": -1,
            "priority": "Regular",
            "private_ip_address": "10.0.1.4",
            "private_ip_addresses": [
              "10.0.1.4"
            ],
            "provision_vm_agent": true,
            "proximity_placement_group_id": "",
            "public_ip_address": "108.143.17.188",
            "public_ip_addresses": [
              "108.143.17.188"
            ],
            "resource_group_name": "r-group-1",
            "secret": [],
            "secure_boot_enabled": false,
            "size": "Standard_B1s",
            "source_image_id": "",
            "source_image_reference": [
              {
                "offer": "0001-com-ubuntu-server-focal",
                "publisher": "Canonical",
                "sku": "20_04-lts",
                "version": "latest"
              }
            ],
            "tags": {},
            "termination_notification": [],
            "timeouts": null,
            "user_data": "",
            "virtual_machine_id": "7e2a876b-c24f-4130-9805-14a62cb1f976",
            "virtual_machine_scale_set_id": "",
            "vtpm_enabled": false,
            "zone": ""
          },
          "sensitive_attributes": [
            [
              {
                "type": "get_attr",
                "value": "admin_password"
              }
            ],
            [
              {
                "type": "get_attr",
                "value": "custom_data"
              }
            ]
          ],
          "identity_schema_version": 0,
          "private": "eyJlMmJmYjczMC1lY2FhLTExZTYtOGY4OC0zNDM2M2JjN2M0YzAiOnsiY3JlYXRlIjoyNzAwMDAwMDAwMDAwLCJkZWxldGUiOjI3MDAwMDAwMDAwMDAsInJlYWQiOjMwMDAwMDAwMDAwMCwidXBkYXRlIjoyNzAwMDAwMDAwMDAwfX0=",
          "dependencies": [
            "azurerm_network_interface.tf-nic",
            "azurerm_public_ip.tf-pip",
            "azurerm_resource_group.tf-rg-1",
            "azurerm_subnet.tf-sn-1",
            "azurerm_virtual_network.tf-vn-1"
          ]
        }
      ]
    },
    {
      "mode": "managed",
      "type": "azurerm_network_interface",
      "name": "tf-nic",
      "provider": "provider[\"registry.terraform.io/hashicorp/azurerm\"]",
      "instances": [
        {
          "index_key": 0,
          "schema_version": 0,
          "attributes": {
            "applied_dns_servers": [],
            "dns_servers": [],
            "edge_zone": "",
            "enable_accelerated_networking": false,
            "enable_ip_forwarding": false,
            "id": "/subscriptions/0efc44f5-967e-4b88-942d-65683788bb59/resourceGroups/r-group-1/providers/Microsoft.Network/networkInterfaces/azure-nic-1",
            "internal_dns_name_label": "",
            "internal_domain_name_suffix": "pqq2q45zzhze3f1tvgnmsovtja.ax.internal.cloudapp.net",
            "ip_configuration": [
              {
                "gateway_load_balancer_frontend_ip_configuration_id": "",
                "name": "internal",
                "primary": true,
                "private_ip_address": "10.0.1.5",
                "private_ip_address_allocation": "Dynamic",
                "private_ip_address_version": "IPv4",
                "public_ip_address_id": "/subscriptions/0efc44f5-967e-4b88-942d-65683788bb59/resourceGroups/r-group-1/providers/Microsoft.Network/publicIPAddresses/azure-pip-1",
                "subnet_id": "/subscriptions/0efc44f5-967e-4b88-942d-65683788bb59/resourceGroups/r-group-1/providers/Microsoft.Network/virtualNetworks/azure-vn-1/subnets/azure-sn-1"
              }
            ],
            "location": "westeurope",
            "mac_address": "00-22-48-85-E1-01",
            "name": "azure-nic-1",
            "private_ip_address": "10.0.1.5",
            "private_ip_addresses": [
              "10.0.1.5"
            ],
            "resource_group_name": "r-group-1",
            "tags": {},
            "timeouts": null,
            "virtual_machine_id": "/subscriptions/0efc44f5-967e-4b88-942d-65683788bb59/resourceGroups/r-group-1/providers/Microsoft.Compute/virtualMachines/azure-linux-vm-1"
          },
          "sensitive_attributes": [],
          "identity_schema_version": 0,
          "private": "eyJlMmJmYjczMC1lY2FhLTExZTYtOGY4OC0zNDM2M2JjN2M0YzAiOnsiY3JlYXRlIjoxODAwMDAwMDAwMDAwLCJkZWxldGUiOjE4MDAwMDAwMDAwMDAsInJlYWQiOjMwMDAwMDAwMDAwMCwidXBkYXRlIjoxODAwMDAwMDAwMDAwfX0=",
          "dependencies": [
            "azurerm_public_ip.tf-pip",
            "azurerm_resource_group.tf-rg-1",
            "azurerm_subnet.tf-sn-1",
            "azurerm_virtual_network.tf-vn-1"
          ]
        },
        {
          "index_key": 1,
          "schema_version": 0,
          "attributes": {
            "applied_dns_servers": [],
            "dns_servers": [],
            "edge_zone": "",
            "enable_accelerated_networking": false,
            "enable_ip_forwarding": false,
            "id": "/subscriptions/0efc44f5-967e-4b88-942d-65683788bb59/resourceGroups/r-group-1/providers/Microsoft.Network/networkInterfaces/azure-nic-2",
            "internal_dns_name_label": "",
            "internal_domain_name_suffix": "pqq2q45zzhze3f1tvgnmsovtja.ax.internal.cloudapp.net",
            "ip_configuration": [
              {
                "gateway_load_balancer_frontend_ip_configuration_id": "",
                "name": "internal",
                "primary": true,
                "private_ip_address": "10.0.1.4",
                "private_ip_address_allocation": "Dynamic",
                "private_ip_address_version": "IPv4",
                "public_ip_address_id": "/subscriptions/0efc44f5-967e-4b88-942d-65683788bb59/resourceGroups/r-group-1/providers/Microsoft.Network/publicIPAddresses/azure-pip-2",
                "subnet_id": "/subscriptions/0efc44f5-967e-4b88-942d-65683788bb59/resourceGroups/r-group-1/providers/Microsoft.Network/virtualNetworks/azure-vn-1/subnets/azure-sn-1"
              }
            ],
            "location": "westeurope",
            "mac_address": "7C-1E-52-29-35-3F",
            "name": "azure-nic-2",
            "private_ip_address": "10.0.1.4",
            "private_ip_addresses": [
              "10.0.1.4"
            ],
            "resource_group_name": "r-group-1",
            "tags": {},
            "timeouts": null,
            "virtual_machine_id": "/subscriptions/0efc44f5-967e-4b88-942d-65683788bb59/resourceGroups/r-group-1/providers/Microsoft.Compute/virtualMachines/azure-linux-vm-2"
          },
          "sensitive_attributes": [],
          "identity_schema_version": 0,
          "private": "eyJlMmJmYjczMC1lY2FhLTExZTYtOGY4OC0zNDM2M2JjN2M0YzAiOnsiY3JlYXRlIjoxODAwMDAwMDAwMDAwLCJkZWxldGUiOjE4MDAwMDAwMDAwMDAsInJlYWQiOjMwMDAwMDAwMDAwMCwidXBkYXRlIjoxODAwMDAwMDAwMDAwfX0=",
          "dependencies": [
            "azurerm_public_ip.tf-pip",
            "azurerm_resource_group.tf-rg-1",
            "azurerm_subnet.tf-sn-1",
            "azurerm_virtual_network.tf-vn-1"
          ]
        }
      ]
    },
    {
      "mode": "managed",
      "type": "azurerm_network_interface_security_group_association",
      "name": "tf-nsg-assoc",
      "provider": "provider[\"registry.terraform.io/hashicorp/azurerm\"]",
      "instances": [
        {
          "index_key": 0,
          "schema_version": 0,
          "attributes": {
            "id": "/subscriptions/0efc44f5-967e-4b88-942d-65683788bb59/resourceGroups/r-group-1/providers/Microsoft.Network/networkInterfaces/azure-nic-1|/subscriptions/0efc44f5-967e-4b88-942d-65683788bb59/resourceGroups/r-group-1/providers/Microsoft.Network/networkSecurityGroups/azure-nsg-ssh",
            "network_interface_id": "/subscriptions/0efc44f5-967e-4b88-942d-65683788bb59/resourceGroups/r-group-1/providers/Microsoft.Network/networkInterfaces/azure-nic-1",
            "network_security_group_id": "/subscriptions/0efc44f5-967e-4b88-942d-65683788bb59/resourceGroups/r-group-1/providers/Microsoft.Network/networkSecurityGroups/azure-nsg-ssh",
            "timeouts": null
          },
          "sensitive_attributes": [],
          "identity_schema_version": 0,
          "private": "eyJlMmJmYjczMC1lY2FhLTExZTYtOGY4OC0zNDM2M2JjN2M0YzAiOnsiY3JlYXRlIjoxODAwMDAwMDAwMDAwLCJkZWxldGUiOjE4MDAwMDAwMDAwMDAsInJlYWQiOjMwMDAwMDAwMDAwMCwidXBkYXRlIjoxODAwMDAwMDAwMDAwfX0=",
          "dependencies": [
            "azurerm_network_interface.tf-nic",
            "azurerm_network_security_group.tf-nsg",
            "azurerm_public_ip.tf-pip",
            "azurerm_resource_group.tf-rg-1",
            "azurerm_subnet.tf-sn-1",
            "azurerm_virtual_network.tf-vn-1"
          ]
        },
        {
          "index_key": 1,
          "schema_version": 0,
          "attributes": {
            "id": "/subscriptions/0efc44f5-967e-4b88-942d-65683788bb59/resourceGroups/r-group-1/providers/Microsoft.Network/networkInterfaces/azure-nic-2|/subscriptions/0efc44f5-967e-4b88-942d-65683788bb59/resourceGroups/r-group-1/providers/Microsoft.Network/networkSecurityGroups/azure-nsg-ssh",
            "network_interface_id": "/subscriptions/0efc44f5-967e-4b88-942d-65683788bb59/resourceGroups/r-group-1/providers/Microsoft.Network/networkInterfaces/azure-nic-2",
            "network_security_group_id": "/subscriptions/0efc44f5-967e-4b88-942d-65683788bb59/resourceGroups/r-group-1/providers/Microsoft.Network/networkSecurityGroups/azure-nsg-ssh",
            "timeouts": null
          },
          "sensitive_attributes": [],
          "identity_schema_version": 0,
          "private": "eyJlMmJmYjczMC1lY2FhLTExZTYtOGY4OC0zNDM2M2JjN2M0YzAiOnsiY3JlYXRlIjoxODAwMDAwMDAwMDAwLCJkZWxldGUiOjE4MDAwMDAwMDAwMDAsInJlYWQiOjMwMDAwMDAwMDAwMCwidXBkYXRlIjoxODAwMDAwMDAwMDAwfX0=",
          "dependencies": [
            "azurerm_network_interface.tf-nic",
            "azurerm_network_security_group.tf-nsg",
            "azurerm_public_ip.tf-pip",
            "azurerm_resource_group.tf-rg-1",
            "azurerm_subnet.tf-sn-1",
            "azurerm_virtual_network.tf-vn-1"
          ]
        }
      ]
    },
    {
      "mode": "managed",
      "type": "azurerm_network_security_group",
      "name": "tf-nsg",
      "provider": "provider[\"registry.terraform.io/hashicorp/azurerm\"]",
      "instances": [
        {
          "schema_version": 0,
          "attributes": {
            "id": "/subscriptions/0efc44f5-967e-4b88-942d-65683788bb59/resourceGroups/r-group-1/providers/Microsoft.Network/networkSecurityGroups/azure-nsg-ssh",
            "location": "westeurope",
            "name": "azure-nsg-ssh",
            "resource_group_name": "r-group-1",
            "security_rule": [
              {
                "access": "Allow",
                "description": "",
                "destination_address_prefix": "*",
                "destination_address_prefixes": [],
                "destination_application_security_group_ids": [],
                "destination_port_range": "22",
                "destination_port_ranges": [],
                "direction": "Inbound",
                "name": "SSH",
                "priority": 1001,
                "protocol": "Tcp",
                "source_address_prefix": "*",
                "source_address_prefixes": [],
                "source_application_security_group_ids": [],
                "source_port_range": "*",
                "source_port_ranges": []
              }
            ],
            "tags": {},
            "timeouts": null
          },
          "sensitive_attributes": [],
          "identity_schema_version": 0,
          "private": "eyJlMmJmYjczMC1lY2FhLTExZTYtOGY4OC0zNDM2M2JjN2M0YzAiOnsiY3JlYXRlIjoxODAwMDAwMDAwMDAwLCJkZWxldGUiOjE4MDAwMDAwMDAwMDAsInJlYWQiOjMwMDAwMDAwMDAwMCwidXBkYXRlIjoxODAwMDAwMDAwMDAwfX0=",
          "dependencies": [
            "azurerm_resource_group.tf-rg-1"
          ]
        }
      ]
    },
    {
      "mode": "managed",
      "type": "azurerm_network_security_rule",
      "name": "http",
      "provider": "provider[\"registry.terraform.io/hashicorp/azurerm\"]",
      "instances": [
        {
          "schema_version": 0,
          "attributes": {
            "access": "Allow",
            "description": "",
            "destination_address_prefix": "*",
            "destination_address_prefixes": null,
            "destination_application_security_group_ids": null,
            "destination_port_range": "80",
            "destination_port_ranges": null,
            "direction": "Inbound",
            "id": "/subscriptions/0efc44f5-967e-4b88-942d-65683788bb59/resourceGroups/r-group-1/providers/Microsoft.Network/networkSecurityGroups/azure-nsg-ssh/securityRules/HTTP",
            "name": "HTTP",
            "network_security_group_name": "azure-nsg-ssh",
            "priority": 1002,
            "protocol": "Tcp",
            "resource_group_name": "r-group-1",
            "source_address_prefix": "*",
            "source_address_prefixes": null,
            "source_application_security_group_ids": null,
            "source_port_range": "*",
            "source_port_ranges": null,
            "timeouts": null
          },
          "sensitive_attributes": [],
          "identity_schema_version": 0,
          "private": "eyJlMmJmYjczMC1lY2FhLTExZTYtOGY4OC0zNDM2M2JjN2M0YzAiOnsiY3JlYXRlIjoxODAwMDAwMDAwMDAwLCJkZWxldGUiOjE4MDAwMDAwMDAwMDAsInJlYWQiOjMwMDAwMDAwMDAwMCwidXBkYXRlIjoxODAwMDAwMDAwMDAwfX0=",
          "dependencies": [
            "azurerm_network_security_group.tf-nsg",
            "azurerm_resource_group.tf-rg-1"
          ]
        }
      ]
    },
    {
      "mode": "managed",
      "type": "azurerm_public_ip",
      "name": "tf-ip-appgw",
      "provider": "provider[\"registry.terraform.io/hashicorp/azurerm\"]",
      "instances": [
        {
          "schema_version": 0,
          "attributes": {
            "allocation_method": "Static",
            "domain_name_label": null,
            "edge_zone": "",
            "fqdn": null,
            "id": "/subscriptions/0efc44f5-967e-4b88-942d-65683788bb59/resourceGroups/r-group-1/providers/Microsoft.Network/publicIPAddresses/appgw-public-ip",
            "idle_timeout_in_minutes": 4,
            "ip_address": "172.201.64.4",
            "ip_tags": {},
            "ip_version": "IPv4",
            "location": "westeurope",
            "name": "appgw-public-ip",
            "public_ip_prefix_id": null,
            "resource_group_name": "r-group-1",
            "reverse_fqdn": null,
            "sku": "Standard",
            "sku_tier": "Regional",
            "tags": {},
            "timeouts": null,
            "zones": []
          },
          "sensitive_attributes": [],
          "identity_schema_version": 0,
          "private": "eyJlMmJmYjczMC1lY2FhLTExZTYtOGY4OC0zNDM2M2JjN2M0YzAiOnsiY3JlYXRlIjoxODAwMDAwMDAwMDAwLCJkZWxldGUiOjE4MDAwMDAwMDAwMDAsInJlYWQiOjMwMDAwMDAwMDAwMCwidXBkYXRlIjoxODAwMDAwMDAwMDAwfX0=",
          "dependencies": [
            "azurerm_resource_group.tf-rg-1"
          ]
        }
      ]
    },
    {
      "mode": "managed",
      "type": "azurerm_public_ip",
      "name": "tf-pip",
      "provider": "provider[\"registry.terraform.io/hashicorp/azurerm\"]",
      "instances": [
        {
          "index_key": 0,
          "schema_version": 0,
          "attributes": {
            "allocation_method": "Static",
            "domain_name_label": null,
            "edge_zone": "",
            "fqdn": null,
            "id": "/subscriptions/0efc44f5-967e-4b88-942d-65683788bb59/resourceGroups/r-group-1/providers/Microsoft.Network/publicIPAddresses/azure-pip-1",
            "idle_timeout_in_minutes": 4,
            "ip_address": "51.136.102.93",
            "ip_tags": {},
            "ip_version": "IPv4",
            "location": "westeurope",
            "name": "azure-pip-1",
            "public_ip_prefix_id": null,
            "resource_group_name": "r-group-1",
            "reverse_fqdn": null,
            "sku": "Standard",
            "sku_tier": "Regional",
            "tags": {},
            "timeouts": null,
            "zones": []
          },
          "sensitive_attributes": [],
          "identity_schema_version": 0,
          "private": "eyJlMmJmYjczMC1lY2FhLTExZTYtOGY4OC0zNDM2M2JjN2M0YzAiOnsiY3JlYXRlIjoxODAwMDAwMDAwMDAwLCJkZWxldGUiOjE4MDAwMDAwMDAwMDAsInJlYWQiOjMwMDAwMDAwMDAwMCwidXBkYXRlIjoxODAwMDAwMDAwMDAwfX0=",
          "dependencies": [
            "azurerm_resource_group.tf-rg-1"
          ]
        },
        {
          "index_key": 1,
          "schema_version": 0,
          "attributes": {
            "allocation_method": "Static",
            "domain_name_label": null,
            "edge_zone": "",
            "fqdn": null,
            "id": "/subscriptions/0efc44f5-967e-4b88-942d-65683788bb59/resourceGroups/r-group-1/providers/Microsoft.Network/publicIPAddresses/azure-pip-2",
            "idle_timeout_in_minutes": 4,
            "ip_address": "108.143.17.188",
            "ip_tags": {},
            "ip_version": "IPv4",
            "location": "westeurope",
            "name": "azure-pip-2",
            "public_ip_prefix_id": null,
            "resource_group_name": "r-group-1",
            "reverse_fqdn": null,
            "sku": "Standard",
            "sku_tier": "Regional",
            "tags": {},
            "timeouts": null,
            "zones": []
          },
          "sensitive_attributes": [],
          "identity_schema_version": 0,
          "private": "eyJlMmJmYjczMC1lY2FhLTExZTYtOGY4OC0zNDM2M2JjN2M0YzAiOnsiY3JlYXRlIjoxODAwMDAwMDAwMDAwLCJkZWxldGUiOjE4MDAwMDAwMDAwMDAsInJlYWQiOjMwMDAwMDAwMDAwMCwidXBkYXRlIjoxODAwMDAwMDAwMDAwfX0=",
          "dependencies": [
            "azurerm_resource_group.tf-rg-1"
          ]
        }
      ]
    },
    {
      "mode": "managed",
      "type": "azurerm_resource_group",
      "name": "tf-rg-1",
      "provider": "provider[\"registry.terraform.io/hashicorp/azurerm\"]",
      "instances": [
        {
          "schema_version": 0,
          "attributes": {
            "id": "/subscriptions/0efc44f5-967e-4b88-942d-65683788bb59/resourceGroups/r-group-1",
            "location": "westeurope",
            "name": "r-group-1",
            "tags": {
              "environment": "dev"
            },
            "timeouts": null
          },
          "sensitive_attributes": [],
          "identity_schema_version": 0,
          "private": "eyJlMmJmYjczMC1lY2FhLTExZTYtOGY4OC0zNDM2M2JjN2M0YzAiOnsiY3JlYXRlIjo1NDAwMDAwMDAwMDAwLCJkZWxldGUiOjU0MDAwMDAwMDAwMDAsInJlYWQiOjMwMDAwMDAwMDAwMCwidXBkYXRlIjo1NDAwMDAwMDAwMDAwfX0="
        }
      ]
    },
    {
      "mode": "managed",
      "type": "azurerm_subnet",
      "name": "tf-sn-1",
      "provider": "provider[\"registry.terraform.io/hashicorp/azurerm\"]",
      "instances": [
        {
          "schema_version": 0,
          "attributes": {
            "address_prefixes": [
              "10.0.1.0/24"
            ],
            "delegation": [],
            "enforce_private_link_endpoint_network_policies": false,
            "enforce_private_link_service_network_policies": false,
            "id": "/subscriptions/0efc44f5-967e-4b88-942d-65683788bb59/resourceGroups/r-group-1/providers/Microsoft.Network/virtualNetworks/azure-vn-1/subnets/azure-sn-1",
            "name": "azure-sn-1",
            "resource_group_name": "r-group-1",
            "service_endpoint_policy_ids": [],
            "service_endpoints": [],
            "timeouts": null,
            "virtual_network_name": "azure-vn-1"
          },
          "sensitive_attributes": [],
          "identity_schema_version": 0,
          "private": "eyJlMmJmYjczMC1lY2FhLTExZTYtOGY4OC0zNDM2M2JjN2M0YzAiOnsiY3JlYXRlIjoxODAwMDAwMDAwMDAwLCJkZWxldGUiOjE4MDAwMDAwMDAwMDAsInJlYWQiOjMwMDAwMDAwMDAwMCwidXBkYXRlIjoxODAwMDAwMDAwMDAwfX0=",
          "dependencies": [
            "azurerm_resource_group.tf-rg-1",
            "azurerm_virtual_network.tf-vn-1"
          ]
        }
      ]
    },
    {
      "mode": "managed",
      "type": "azurerm_subnet",
      "name": "tf-sn-appgw",
      "provider": "provider[\"registry.terraform.io/hashicorp/azurerm\"]",
      "instances": [
        {
          "schema_version": 0,
          "attributes": {
            "address_prefixes": [
              "10.0.2.0/24"
            ],
            "delegation": [],
            "enforce_private_link_endpoint_network_policies": false,
            "enforce_private_link_service_network_policies": false,
            "id": "/subscriptions/0efc44f5-967e-4b88-942d-65683788bb59/resourceGroups/r-group-1/providers/Microsoft.Network/virtualNetworks/azure-vn-1/subnets/azure-sn-appgw",
            "name": "azure-sn-appgw",
            "resource_group_name": "r-group-1",
            "service_endpoint_policy_ids": [],
            "service_endpoints": [],
            "timeouts": null,
            "virtual_network_name": "azure-vn-1"
          },
          "sensitive_attributes": [],
          "identity_schema_version": 0,
          "private": "eyJlMmJmYjczMC1lY2FhLTExZTYtOGY4OC0zNDM2M2JjN2M0YzAiOnsiY3JlYXRlIjoxODAwMDAwMDAwMDAwLCJkZWxldGUiOjE4MDAwMDAwMDAwMDAsInJlYWQiOjMwMDAwMDAwMDAwMCwidXBkYXRlIjoxODAwMDAwMDAwMDAwfX0=",
          "dependencies": [
            "azurerm_resource_group.tf-rg-1",
            "azurerm_virtual_network.tf-vn-1"
          ]
        }
      ]
    },
    {
      "mode": "managed",
      "type": "azurerm_virtual_network",
      "name": "tf-vn-1",
      "provider": "provider[\"registry.terraform.io/hashicorp/azurerm\"]",
      "instances": [
        {
          "schema_version": 0,
          "attributes": {
            "address_space": [
              "10.0.0.0/16"
            ],
            "bgp_community": "",
            "ddos_protection_plan": [],
            "dns_servers": [],
            "edge_zone": "",
            "flow_timeout_in_minutes": 0,
            "guid": "7bc8217c-c9f9-4ef2-9773-a99ac93ab348",
            "id": "/subscriptions/0efc44f5-967e-4b88-942d-65683788bb59/resourceGroups/r-group-1/providers/Microsoft.Network/virtualNetworks/azure-vn-1",
            "location": "westeurope",
            "name": "azure-vn-1",
            "resource_group_name": "r-group-1",
            "subnet": [
              {
                "address_prefix": "10.0.1.0/24",
                "id": "/subscriptions/0efc44f5-967e-4b88-942d-65683788bb59/resourceGroups/r-group-1/providers/Microsoft.Network/virtualNetworks/azure-vn-1/subnets/azure-sn-1",
                "name": "azure-sn-1",
                "security_group": ""
              },
              {
                "address_prefix": "10.0.2.0/24",
                "id": "/subscriptions/0efc44f5-967e-4b88-942d-65683788bb59/resourceGroups/r-group-1/providers/Microsoft.Network/virtualNetworks/azure-vn-1/subnets/azure-sn-appgw",
                "name": "azure-sn-appgw",
                "security_group": ""
              }
            ],
            "tags": {},
            "timeouts": null
          },
          "sensitive_attributes": [],
          "identity_schema_version": 0,
          "private": "eyJlMmJmYjczMC1lY2FhLTExZTYtOGY4OC0zNDM2M2JjN2M0YzAiOnsiY3JlYXRlIjoxODAwMDAwMDAwMDAwLCJkZWxldGUiOjE4MDAwMDAwMDAwMDAsInJlYWQiOjMwMDAwMDAwMDAwMCwidXBkYXRlIjoxODAwMDAwMDAwMDAwfX0=",
          "dependencies": [
            "azurerm_resource_group.tf-rg-1"
          ]
        }
      ]
    }
  ],
  "check_results": null
}
